
Microsoft Visual Studio Solution File, Format Version 12.00
# Visual Studio Version 16
VisualStudioVersion = 16.0.31702.278
MinimumVisualStudioVersion = 10.0.40219.1
Project("{FAE04EC0-301F-11D3-BF4B-00C04F79EFBC}") = "Leapyear2", "Leapyear2.csproj", "{B62E9B77-4D69-4E25-99B2-E27547B98A5D}"
EndProject
Global
	GlobalSection(SolutionConfigurationPlatforms) = preSolution
		Debug|Any CPU = Debug|Any CPU
		Release|Any CPU = Release|Any CPU
	EndGlobalSection
	GlobalSection(ProjectConfigurationPlatforms) = postSolution
		{B62E9B77-4D69-4E25-99B2-E27547B98A5D}.Debug|Any CPU.ActiveCfg = Debug|Any CPU
		{B62E9B77-4D69-4E25-99B2-E27547B98A5D}.Debug|Any CPU.Build.0 = Debug|Any CPU
		{B62E9B77-4D69-4E25-99B2-E27547B98A5D}.Release|Any CPU.ActiveCfg = Release|Any CPU
		{B62E9B77-4D69-4E25-99B2-E27547B98A5D}.Release|Any CPU.Build.0 = Release|Any CPU
	EndGlobalSection
	GlobalSection(SolutionProperties) = preSolution
		HideSolutionNode = FALSE
	EndGlobalSection
	GlobalSection(ExtensibilityGlobals) = postSolution
		SolutionGuid = {09BB96C5-5375-4002-A55D-F8698E4F9E7A}
	EndGlobalSection
EndGlobal
